// !$*UTF8*$!
{
	archiveVersion = 1;
	classes = {
	};
	objectVersion = 50;
	objects = {

/* Begin PBXBuildFile section */
		A24EC681236E27EE008ED694 /* RectangularPrismViewController.swift in Sources */ = {isa = PBXBuildFile; fileRef = A24EC680236E27EE008ED694 /* RectangularPrismViewController.swift */; };
		A260C99123613C1A008FA396 /* MainViewController.swift in Sources */ = {isa = PBXBuildFile; fileRef = A260C99023613C1A008FA396 /* MainViewController.swift */; };
		A26BCDFF2357E90A0091614A /* AppDelegate.swift in Sources */ = {isa = PBXBuildFile; fileRef = A26BCDFE2357E90A0091614A /* AppDelegate.swift */; };
		A26BCE012357E90A0091614A /* RectangleViewController.swift in Sources */ = {isa = PBXBuildFile; fileRef = A26BCE002357E90A0091614A /* RectangleViewController.swift */; };
		A26BCE042357E90A0091614A /* Main.storyboard in Resources */ = {isa = PBXBuildFile; fileRef = A26BCE022357E90A0091614A /* Main.storyboard */; };
		A26BCE062357E90D0091614A /* Assets.xcassets in Resources */ = {isa = PBXBuildFile; fileRef = A26BCE052357E90D0091614A /* Assets.xcassets */; };
		A26BCE092357E90D0091614A /* LaunchScreen.storyboard in Resources */ = {isa = PBXBuildFile; fileRef = A26BCE072357E90D0091614A /* LaunchScreen.storyboard */; };
		A2A3646D236A1B460048EEDD /* CircleViewController.swift in Sources */ = {isa = PBXBuildFile; fileRef = A2A3646C236A1B460048EEDD /* CircleViewController.swift */; };
/* End PBXBuildFile section */

/* Begin PBXFileReference section */
		A24EC680236E27EE008ED694 /* RectangularPrismViewController.swift */ = {isa = PBXFileReference; lastKnownFileType = sourcecode.swift; path = RectangularPrismViewController.swift; sourceTree = "<group>"; };
		A260C99023613C1A008FA396 /* MainViewController.swift */ = {isa = PBXFileReference; lastKnownFileType = sourcecode.swift; path = MainViewController.swift; sourceTree = "<group>"; };
		A26BCDFB2357E90A0091614A /* AreaHelper.app */ = {isa = PBXFileReference; explicitFileType = wrapper.application; includeInIndex = 0; path = AreaHelper.app; sourceTree = BUILT_PRODUCTS_DIR; };
		A26BCDFE2357E90A0091614A /* AppDelegate.swift */ = {isa = PBXFileReference; lastKnownFileType = sourcecode.swift; path = AppDelegate.swift; sourceTree = "<group>"; };
		A26BCE002357E90A0091614A /* RectangleViewController.swift */ = {isa = PBXFileReference; lastKnownFileType = sourcecode.swift; path = RectangleViewController.swift; sourceTree = "<group>"; };
		A26BCE032357E90A0091614A /* Base */ = {isa = PBXFileReference; lastKnownFileType = file.storyboard; name = Base; path = Base.lproj/Main.storyboard; sourceTree = "<group>"; };
		A26BCE052357E90D0091614A /* Assets.xcassets */ = {isa = PBXFileReference; lastKnownFileType = folder.assetcatalog; path = Assets.xcassets; sourceTree = "<group>"; };
		A26BCE082357E90D0091614A /* Base */ = {isa = PBXFileReference; lastKnownFileType = file.storyboard; name = Base; path = Base.lproj/LaunchScreen.storyboard; sourceTree = "<group>"; };
		A26BCE0A2357E90D0091614A /* Info.plist */ = {isa = PBXFileReference; lastKnownFileType = text.plist.xml; path = Info.plist; sourceTree = "<group>"; };
		A2A3646C236A1B460048EEDD /* CircleViewController.swift */ = {isa = PBXFileReference; lastKnownFileType = sourcecode.swift; path = CircleViewController.swift; sourceTree = "<group>"; };
/* End PBXFileReference section */

/* Begin PBXFrameworksBuildPhase section */
		A26BCDF82357E90A0091614A /* Frameworks */ = {
			isa = PBXFrameworksBuildPhase;
			buildActionMask = 2147483647;
			files = (
			);
			runOnlyForDeploymentPostprocessing = 0;
		};
/* End PBXFrameworksBuildPhase section */

/* Begin PBXGroup section */
		A26BCDF22357E90A0091614A = {
			isa = PBXGroup;
			children = (
				A26BCDFD2357E90A0091614A /* AreaHelper */,
				A26BCDFC2357E90A0091614A /* Products */,
			);
			sourceTree = "<group>";
		};
		A26BCDFC2357E90A0091614A /* Products */ = {
			isa = PBXGroup;
			children = (
				A26BCDFB2357E90A0091614A /* AreaHelper.app */,
			);
			name = Products;
			sourceTree = "<group>";
		};
		A26BCDFD2357E90A0091614A /* AreaHelper */ = {
			isa = PBXGroup;
			children = (
				A26BCDFE2357E90A0091614A /* AppDelegate.swift */,
				A26BCE002357E90A0091614A /* RectangleViewController.swift */,
				A26BCE022357E90A0091614A /* Main.storyboard */,
				A26BCE052357E90D0091614A /* Assets.xcassets */,
				A26BCE072357E90D0091614A /* LaunchScreen.storyboard */,
				A26BCE0A2357E90D0091614A /* Info.plist */,
				A260C99023613C1A008FA396 /* MainViewController.swift */,
				A2A3646C236A1B460048EEDD /* CircleViewController.swift */,
				A24EC680236E27EE008ED694 /* RectangularPrismViewController.swift */,
			);
			path = AreaHelper;
			sourceTree = "<group>";
		};
/* End PBXGroup section */

/* Begin PBXNativeTarget section */
		A26BCDFA2357E90A0091614A /* AreaHelper */ = {
			isa = PBXNativeTarget;
			buildConfigurationList = A26BCE0D2357E90D0091614A /* Build configuration list for PBXNativeTarget "AreaHelper" */;
			buildPhases = (
				A26BCDF72357E90A0091614A /* Sources */,
				A26BCDF82357E90A0091614A /* Frameworks */,
				A26BCDF92357E90A0091614A /* Resources */,
			);
			buildRules = (
			);
			dependencies = (
			);
			name = AreaHelper;
			productName = AreaHelper;
			productReference = A26BCDFB2357E90A0091614A /* AreaHelper.app */;
			productType = "com.apple.product-type.application";
		};
/* End PBXNativeTarget section */

/* Begin PBXProject section */
		A26BCDF32357E90A0091614A /* Project object */ = {
			isa = PBXProject;
			attributes = {
				LastSwiftUpdateCheck = 1030;
				LastUpgradeCheck = 1030;
				ORGANIZATIONNAME = "Peralta, Joven";
				TargetAttributes = {
					A26BCDFA2357E90A0091614A = {
						CreatedOnToolsVersion = 10.3;
					};
				};
			};
			buildConfigurationList = A26BCDF62357E90A0091614A /* Build configuration list for PBXProject "AreaHelper" */;
			compatibilityVersion = "Xcode 9.3";
			developmentRegion = en;
			hasScannedForEncodings = 0;
			knownRegions = (
				en,
				Base,
			);
			mainGroup = A26BCDF22357E90A0091614A;
			productRefGroup = A26BCDFC2357E90A0091614A /* Products */;
			projectDirPath = "";
			projectRoot = "";
			targets = (
				A26BCDFA2357E90A0091614A /* AreaHelper */,
			);
		};
/* End PBXProject section */

/* Begin PBXResourcesBuildPhase section */
		A26BCDF92357E90A0091614A /* Resources */ = {
			isa = PBXResourcesBuildPhase;
			buildActionMask = 2147483647;
			files = (
				A26BCE092357E90D0091614A /* LaunchScreen.storyboard in Resources */,
				A26BCE062357E90D0091614A /* Assets.xcassets in Resources */,
				A26BCE042357E90A0091614A /* Main.storyboard in Resources */,
			);
			runOnlyForDeploymentPostprocessing = 0;
		};
/* End PBXResourcesBuildPhase section */

/* Begin PBXSourcesBuildPhase section */
		A26BCDF72357E90A0091614A /* Sources */ = {
			isa = PBXSourcesBuildPhase;
			buildActionMask = 2147483647;
			files = (
				A260C99123613C1A008FA396 /* MainViewController.swift in Sources */,
				A26BCE012357E90A0091614A /* RectangleViewController.swift in Sources */,
				A2A3646D236A1B460048EEDD /* CircleViewController.swift in Sources */,
				A26BCDFF2357E90A0091614A /* AppDelegate.swift in Sources */,
				A24EC681236E27EE008ED694 /* RectangularPrismViewController.swift in Sources */,
			);
			runOnlyForDeploymentPostprocessing = 0;
		};
/* End PBXSourcesBuildPhase section */

/* Begin PBXVariantGroup section */
		A26BCE022357E90A0091614A /* Main.storyboard */ = {
			isa = PBXVariantGroup;
			children = (
				A26BCE032357E90A0091614A /* Base */,
			);
			name = Main.storyboard;
			sourceTree = "<group>";
		};
		A26BCE072357E90D0091614A /* LaunchScreen.storyboard */ = {
			isa = PBXVariantGroup;
			children = (
				A26BCE082357E90D0091614A /* Base */,
			);
			name = LaunchScreen.storyboard;
			sourceTree = "<group>";
		};
/* End PBXVariantGroup section */

/* Begin XCBuildConfiguration section */
		A26BCE0B2357E90D0091614A /* Debug */ = {
			isa = XCBuildConfiguration;
			buildSettings = {
				ALWAYS_SEARCH_USER_PATHS = NO;
				CLANG_ANALYZER_NONNULL = YES;
				CLANG_ANALYZER_NUMBER_OBJECT_CONVERSION = YES_AGGRESSIVE;
				CLANG_CXX_LANGUAGE_STANDARD = "gnu++14";
				CLANG_CXX_LIBRARY = "libc++";
				CLANG_ENABLE_MODULES = YES;
				CLANG_ENABLE_OBJC_ARC = YES;
				CLANG_ENABLE_OBJC_WEAK = YES;
				CLANG_WARN_BLOCK_CAPTURE_AUTORELEASING = YES;
				CLANG_WARN_BOOL_CONVERSION = YES;
				CLANG_WARN_COMMA = YES;
				CLANG_WARN_CONSTANT_CONVERSION = YES;
				CLANG_WARN_DEPRECATED_OBJC_IMPLEMENTATIONS = YES;
				CLANG_WARN_DIRECT_OBJC_ISA_USAGE = YES_ERROR;
				CLANG_WARN_DOCUMENTATION_COMMENTS = YES;
				CLANG_WARN_EMPTY_BODY = YES;
				CLANG_WARN_ENUM_CONVERSION = YES;
				CLANG_WARN_INFINITE_RECURSION = YES;
				CLANG_WARN_INT_CONVERSION = YES;
				CLANG_WARN_NON_LITERAL_NULL_CONVERSION = YES;
				CLANG_WARN_OBJC_IMPLICIT_RETAIN_SELF = YES;
				CLANG_WARN_OBJC_LITERAL_CONVERSION = YES;
				CLANG_WARN_OBJC_ROOT_CLASS = YES_ERROR;
				CLANG_WARN_RANGE_LOOP_ANALYSIS = YES;
				CLANG_WARN_STRICT_PROTOTYPES = YES;
				CLANG_WARN_SUSPICIOUS_MOVE = YES;
				CLANG_WARN_UNGUARDED_AVAILABILITY = YES_AGGRESSIVE;
				CLANG_WARN_UNREACHABLE_CODE = YES;
				CLANG_WARN__DUPLICATE_METHOD_MATCH = YES;
				CODE_SIGN_IDENTITY = "iPhone Developer";
				COPY_PHASE_STRIP = NO;
				DEBUG_INFORMATION_FORMAT = dwarf;
				ENABLE_STRICT_OBJC_MSGSEND = YES;
				ENABLE_TESTABILITY = YES;
				GCC_C_LANGUAGE_STANDARD = gnu11;
				GCC_DYNAMIC_NO_PIC = NO;
				GCC_NO_COMMON_BLOCKS = YES;
				GCC_OPTIMIZATION_LEVEL = 0;
				GCC_PREPROCESSOR_DEFINITIONS = (
					"DEBUG=1",
					"$(inherited)",
				);
				GCC_WARN_64_TO_32_BIT_CONVERSION = YES;
				GCC_WARN_ABOUT_RETURN_TYPE = YES_ERROR;
				GCC_WARN_UNDECLARED_SELECTOR = YES;
				GCC_WARN_UNINITIALIZED_AUTOS = YES_AGGRESSIVE;
				GCC_WARN_UNUSED_FUNCTION = YES;
				GCC_WARN_UNUSED_VARIABLE = YES;
				IPHONEOS_DEPLOYMENT_TARGET = 12.4;
				MTL_ENABLE_DEBUG_INFO = INCLUDE_SOURCE;
				MTL_FAST_MATH = YES;
				ONLY_ACTIVE_ARCH = YES;
				SDKROOT = iphoneos;
				SWIFT_ACTIVE_COMPILATION_CONDITIONS = DEBUG;
				SWIFT_OPTIMIZATION_LEVEL = "-Onone";
			};
			name = Debug;
		};
		A26BCE0C2357E90D0091614A /* Release */ = {
			isa = XCBuildConfiguration;
			buildSettings = {
				ALWAYS_SEARCH_USER_PATHS = NO;
				CLANG_ANALYZER_NONNULL = YES;
				CLANG_ANALYZER_NUMBER_OBJECT_CONVERSION = YES_AGGRESSIVE;
				CLANG_CXX_LANGUAGE_STANDARD = "gnu++14";
				CLANG_CXX_LIBRARY = "libc++";
				CLANG_ENABLE_MODULES = YES;
				CLANG_ENABLE_OBJC_ARC = YES;
				CLANG_ENABLE_OBJC_WEAK = YES;
				CLANG_WARN_BLOCK_CAPTURE_AUTORELEASING = YES;
				CLANG_WARN_BOOL_CONVERSION = YES;
				CLANG_WARN_COMMA = YES;
				CLANG_WARN_CONSTANT_CONVERSION = YES;
				CLANG_WARN_DEPRECATED_OBJC_IMPLEMENTATIONS = YES;
				CLANG_WARN_DIRECT_OBJC_ISA_USAGE = YES_ERROR;
				CLANG_WARN_DOCUMENTATION_COMMENTS = YES;
				CLANG_WARN_EMPTY_BODY = YES;
				CLANG_WARN_ENUM_CONVERSION = YES;
				CLANG_WARN_INFINITE_RECURSION = YES;
				CLANG_WARN_INT_CONVERSION = YES;
				CLANG_WARN_NON_LITERAL_NULL_CONVERSION = YES;
				CLANG_WARN_OBJC_IMPLICIT_RETAIN_SELF = YES;
				CLANG_WARN_OBJC_LITERAL_CONVERSION = YES;
				CLANG_WARN_OBJC_ROOT_CLASS = YES_ERROR;
				CLANG_WARN_RANGE_LOOP_ANALYSIS = YES;
				CLANG_WARN_STRICT_PROTOTYPES = YES;
				CLANG_WARN_SUSPICIOUS_MOVE = YES;
				CLANG_WARN_UNGUARDED_AVAILABILITY = YES_AGGRESSIVE;
				CLANG_WARN_UNREACHABLE_CODE = YES;
				CLANG_WARN__DUPLICATE_METHOD_MATCH = YES;
				CODE_SIGN_IDENTITY = "iPhone Developer";
				COPY_PHASE_STRIP = NO;
				DEBUG_INFORMATION_FORMAT = "dwarf-with-dsym";
				ENABLE_NS_ASSERTIONS = NO;
				ENABLE_STRICT_OBJC_MSGSEND = YES;
				GCC_C_LANGUAGE_STANDARD = gnu11;
				GCC_NO_COMMON_BLOCKS = YES;
				GCC_WARN_64_TO_32_BIT_CONVERSION = YES;
				GCC_WARN_ABOUT_RETURN_TYPE = YES_ERROR;
				GCC_WARN_UNDECLARED_SELECTOR = YES;
				GCC_WARN_UNINITIALIZED_AUTOS = YES_AGGRESSIVE;
				GCC_WARN_UNUSED_FUNCTION = YES;
				GCC_WARN_UNUSED_VARIABLE = YES;
				IPHONEOS_DEPLOYMENT_TARGET = 12.4;
				MTL_ENABLE_DEBUG_INFO = NO;
				MTL_FAST_MATH = YES;
				SDKROOT = iphoneos;
				SWIFT_COMPILATION_MODE = wholemodule;
				SWIFT_OPTIMIZATION_LEVEL = "-O";
				VALIDATE_PRODUCT = YES;
			};
			name = Release;
		};
		A26BCE0E2357E90D0091614A /* Debug */ = {
			isa = XCBuildConfiguration;
			buildSettings = {
				ASSETCATALOG_COMPILER_APPICON_NAME = AppIcon;
				CODE_SIGN_STYLE = Automatic;
				DEVELOPMENT_TEAM = 45RV7J48WX;
				INFOPLIST_FILE = AreaHelper/Info.plist;
				LD_RUNPATH_SEARCH_PATHS = (
					"$(inherited)",
					"@executable_path/Frameworks",
				);
				PRODUCT_BUNDLE_IDENTIFIER = ca.peralta.joven.AreaHelper;
				PRODUCT_NAME = "$(TARGET_NAME)";
				SWIFT_VERSION = 5.0;
				TARGETED_DEVICE_FAMILY = "1,2";
			};
			name = Debug;
		};
		A26BCE0F2357E90D0091614A /* Release */ = {
			isa = XCBuildConfiguration;
			buildSettings = {
				ASSETCATALOG_COMPILER_APPICON_NAME = AppIcon;
				CODE_SIGN_STYLE = Automatic;
				DEVELOPMENT_TEAM = 45RV7J48WX;
				INFOPLIST_FILE = AreaHelper/Info.plist;
				LD_RUNPATH_SEARCH_PATHS = (
					"$(inherited)",
					"@executable_path/Frameworks",
				);
				PRODUCT_BUNDLE_IDENTIFIER = ca.peralta.joven.AreaHelper;
				PRODUCT_NAME = "$(TARGET_NAME)";
				SWIFT_VERSION = 5.0;
				TARGETED_DEVICE_FAMILY = "1,2";
			};
			name = Release;
		};
/* End XCBuildConfiguration section */

/* Begin XCConfigurationList section */
		A26BCDF62357E90A0091614A /* Build configuration list for PBXProject "AreaHelper" */ = {
			isa = XCConfigurationList;
			buildConfigurations = (
				A26BCE0B2357E90D0091614A /* Debug */,
				A26BCE0C2357E90D0091614A /* Release */,
			);
			defaultConfigurationIsVisible = 0;
			defaultConfigurationName = Release;
		};
		A26BCE0D2357E90D0091614A /* Build configuration list for PBXNativeTarget "AreaHelper" */ = {
			isa = XCConfigurationList;
			buildConfigurations = (
				A26BCE0E2357E90D0091614A /* Debug */,
				A26BCE0F2357E90D0091614A /* Release */,
			);
			defaultConfigurationIsVisible = 0;
			defaultConfigurationName = Release;
		};
/* End XCConfigurationList section */
	};
	rootObject = A26BCDF32357E90A0091614A /* Project object */;
}
